// !$*UTF8*$!
{
	archiveVersion = 1;
	classes = {
	};
	objectVersion = 46;
	objects = {

/* Begin PBXBuildFile section */
		B5CF7E15186D4FBF00B26686 /* DrawingTool.m in Sources */ = {isa = PBXBuildFile; fileRef = B5CF7E14186D4FBF00B26686 /* DrawingTool.m */; };
		B5CF7E18186D673700B26686 /* PenTool.m in Sources */ = {isa = PBXBuildFile; fileRef = B5CF7E17186D673700B26686 /* PenTool.m */; };
		B5CF7E1B186D6E8400B26686 /* RectangleTool.m in Sources */ = {isa = PBXBuildFile; fileRef = B5CF7E1A186D6E8400B26686 /* RectangleTool.m */; };
		B5CF7E1E18752B4200B26686 /* ColorWell.m in Sources */ = {isa = PBXBuildFile; fileRef = B5CF7E1D18752B4200B26686 /* ColorWell.m */; };
		B5CF7E241875325B00B26686 /* bkgImage.png in Resources */ = {isa = PBXBuildFile; fileRef = B5CF7E231875325B00B26686 /* bkgImage.png */; };
		B5CF7E271875355000B26686 /* EllipseTool.m in Sources */ = {isa = PBXBuildFile; fileRef = B5CF7E261875355000B26686 /* EllipseTool.m */; };
		B5CF7E2A187537E000B26686 /* LineTool.m in Sources */ = {isa = PBXBuildFile; fileRef = B5CF7E29187537E000B26686 /* LineTool.m */; };
		B5CF7E3018753DE100B26686 /* HighLighterTool.m in Sources */ = {isa = PBXBuildFile; fileRef = B5CF7E2F18753DE100B26686 /* HighLighterTool.m */; };
		B5CF7E331875524D00B26686 /* EraserTool.m in Sources */ = {isa = PBXBuildFile; fileRef = B5CF7E321875524D00B26686 /* EraserTool.m */; };
		B5CF7E36187561A300B26686 /* TextTool.m in Sources */ = {isa = PBXBuildFile; fileRef = B5CF7E35187561A300B26686 /* TextTool.m */; };
		B5E709F4186BB61B0047A4B2 /* Cocoa.framework in Frameworks */ = {isa = PBXBuildFile; fileRef = B5E709F3186BB61B0047A4B2 /* Cocoa.framework */; };
		B5E709FE186BB61B0047A4B2 /* InfoPlist.strings in Resources */ = {isa = PBXBuildFile; fileRef = B5E709FC186BB61B0047A4B2 /* InfoPlist.strings */; };
		B5E70A00186BB61B0047A4B2 /* main.m in Sources */ = {isa = PBXBuildFile; fileRef = B5E709FF186BB61B0047A4B2 /* main.m */; };
		B5E70A04186BB61B0047A4B2 /* Credits.rtf in Resources */ = {isa = PBXBuildFile; fileRef = B5E70A02186BB61B0047A4B2 /* Credits.rtf */; };
		B5E70A07186BB61B0047A4B2 /* AppDelegate.m in Sources */ = {isa = PBXBuildFile; fileRef = B5E70A06186BB61B0047A4B2 /* AppDelegate.m */; };
		B5E70A0A186BB61B0047A4B2 /* MainMenu.xib in Resources */ = {isa = PBXBuildFile; fileRef = B5E70A08186BB61B0047A4B2 /* MainMenu.xib */; };
		B5E70A0C186BB61C0047A4B2 /* Images.xcassets in Resources */ = {isa = PBXBuildFile; fileRef = B5E70A0B186BB61C0047A4B2 /* Images.xcassets */; };
		B5E70A2B186BB7260047A4B2 /* DrawingBoard.xib in Resources */ = {isa = PBXBuildFile; fileRef = B5E70A29186BB7260047A4B2 /* DrawingBoard.xib */; };
		B5E70A2E186BB7520047A4B2 /* DrawingBoardController.m in Sources */ = {isa = PBXBuildFile; fileRef = B5E70A2D186BB7520047A4B2 /* DrawingBoardController.m */; };
		B5E70A32186BC1D80047A4B2 /* Canvas.m in Sources */ = {isa = PBXBuildFile; fileRef = B5E70A31186BC1D80047A4B2 /* Canvas.m */; };
		B5E70A36186BC58A0047A4B2 /* ImageDataSource.m in Sources */ = {isa = PBXBuildFile; fileRef = B5E70A35186BC58A0047A4B2 /* ImageDataSource.m */; };
		B5E70A3A186BC6A70047A4B2 /* ImageTools.m in Sources */ = {isa = PBXBuildFile; fileRef = B5E70A39186BC6A70047A4B2 /* ImageTools.m */; };
		B5E70A3D186D1D500047A4B2 /* BaseDrawingWindowController.m in Sources */ = {isa = PBXBuildFile; fileRef = B5E70A3C186D1D500047A4B2 /* BaseDrawingWindowController.m */; };
/* End PBXBuildFile section */

/* Begin PBXFileReference section */
		B5CF7E13186D4FBF00B26686 /* DrawingTool.h */ = {isa = PBXFileReference; fileEncoding = 4; lastKnownFileType = sourcecode.c.h; name = DrawingTool.h; path = Model/Tools/DrawingTool.h; sourceTree = "<group>"; };
		B5CF7E14186D4FBF00B26686 /* DrawingTool.m */ = {isa = PBXFileReference; fileEncoding = 4; lastKnownFileType = sourcecode.c.objc; name = DrawingTool.m; path = Model/Tools/DrawingTool.m; sourceTree = "<group>"; };
		B5CF7E16186D673700B26686 /* PenTool.h */ = {isa = PBXFileReference; fileEncoding = 4; lastKnownFileType = sourcecode.c.h; name = PenTool.h; path = Model/PenTool.h; sourceTree = "<group>"; };
		B5CF7E17186D673700B26686 /* PenTool.m */ = {isa = PBXFileReference; fileEncoding = 4; lastKnownFileType = sourcecode.c.objc; name = PenTool.m; path = Model/PenTool.m; sourceTree = "<group>"; };
		B5CF7E19186D6E8400B26686 /* RectangleTool.h */ = {isa = PBXFileReference; fileEncoding = 4; lastKnownFileType = sourcecode.c.h; name = RectangleTool.h; path = Controllers/RectangleTool.h; sourceTree = "<group>"; };
		B5CF7E1A186D6E8400B26686 /* RectangleTool.m */ = {isa = PBXFileReference; fileEncoding = 4; lastKnownFileType = sourcecode.c.objc; name = RectangleTool.m; path = Controllers/RectangleTool.m; sourceTree = "<group>"; };
		B5CF7E1C18752B4200B26686 /* ColorWell.h */ = {isa = PBXFileReference; fileEncoding = 4; lastKnownFileType = sourcecode.c.h; name = ColorWell.h; path = Views/ColorWell.h; sourceTree = "<group>"; };
		B5CF7E1D18752B4200B26686 /* ColorWell.m */ = {isa = PBXFileReference; fileEncoding = 4; lastKnownFileType = sourcecode.c.objc; name = ColorWell.m; path = Views/ColorWell.m; sourceTree = "<group>"; };
		B5CF7E231875325B00B26686 /* bkgImage.png */ = {isa = PBXFileReference; lastKnownFileType = image.png; name = bkgImage.png; path = Images/bkgImage.png; sourceTree = "<group>"; };
		B5CF7E251875355000B26686 /* EllipseTool.h */ = {isa = PBXFileReference; fileEncoding = 4; lastKnownFileType = sourcecode.c.h; name = EllipseTool.h; path = Model/EllipseTool.h; sourceTree = "<group>"; };
		B5CF7E261875355000B26686 /* EllipseTool.m */ = {isa = PBXFileReference; fileEncoding = 4; lastKnownFileType = sourcecode.c.objc; name = EllipseTool.m; path = Model/EllipseTool.m; sourceTree = "<group>"; };
		B5CF7E28187537E000B26686 /* LineTool.h */ = {isa = PBXFileReference; fileEncoding = 4; lastKnownFileType = sourcecode.c.h; name = LineTool.h; path = Model/LineTool.h; sourceTree = "<group>"; };
		B5CF7E29187537E000B26686 /* LineTool.m */ = {isa = PBXFileReference; fileEncoding = 4; lastKnownFileType = sourcecode.c.objc; name = LineTool.m; path = Model/LineTool.m; sourceTree = "<group>"; };
		B5CF7E2E18753DE100B26686 /* HighLighterTool.h */ = {isa = PBXFileReference; fileEncoding = 4; lastKnownFileType = sourcecode.c.h; name = HighLighterTool.h; path = Model/HighLighterTool.h; sourceTree = "<group>"; };
		B5CF7E2F18753DE100B26686 /* HighLighterTool.m */ = {isa = PBXFileReference; fileEncoding = 4; lastKnownFileType = sourcecode.c.objc; name = HighLighterTool.m; path = Model/HighLighterTool.m; sourceTree = "<group>"; };
		B5CF7E311875524D00B26686 /* EraserTool.h */ = {isa = PBXFileReference; fileEncoding = 4; lastKnownFileType = sourcecode.c.h; name = EraserTool.h; path = Model/EraserTool.h; sourceTree = "<group>"; };
		B5CF7E321875524D00B26686 /* EraserTool.m */ = {isa = PBXFileReference; fileEncoding = 4; lastKnownFileType = sourcecode.c.objc; name = EraserTool.m; path = Model/EraserTool.m; sourceTree = "<group>"; };
		B5CF7E34187561A300B26686 /* TextTool.h */ = {isa = PBXFileReference; fileEncoding = 4; lastKnownFileType = sourcecode.c.h; name = TextTool.h; path = Model/TextTool.h; sourceTree = "<group>"; };
		B5CF7E35187561A300B26686 /* TextTool.m */ = {isa = PBXFileReference; fileEncoding = 4; lastKnownFileType = sourcecode.c.objc; name = TextTool.m; path = Model/TextTool.m; sourceTree = "<group>"; };
		B5E709F0186BB61B0047A4B2 /* Canvas.app */ = {isa = PBXFileReference; explicitFileType = wrapper.application; includeInIndex = 0; path = Canvas.app; sourceTree = BUILT_PRODUCTS_DIR; };
		B5E709F3186BB61B0047A4B2 /* Cocoa.framework */ = {isa = PBXFileReference; lastKnownFileType = wrapper.framework; name = Cocoa.framework; path = System/Library/Frameworks/Cocoa.framework; sourceTree = SDKROOT; };
		B5E709F6186BB61B0047A4B2 /* AppKit.framework */ = {isa = PBXFileReference; lastKnownFileType = wrapper.framework; name = AppKit.framework; path = System/Library/Frameworks/AppKit.framework; sourceTree = SDKROOT; };
		B5E709F7186BB61B0047A4B2 /* CoreData.framework */ = {isa = PBXFileReference; lastKnownFileType = wrapper.framework; name = CoreData.framework; path = System/Library/Frameworks/CoreData.framework; sourceTree = SDKROOT; };
		B5E709F8186BB61B0047A4B2 /* Foundation.framework */ = {isa = PBXFileReference; lastKnownFileType = wrapper.framework; name = Foundation.framework; path = System/Library/Frameworks/Foundation.framework; sourceTree = SDKROOT; };
		B5E709FB186BB61B0047A4B2 /* Canvas-Info.plist */ = {isa = PBXFileReference; lastKnownFileType = text.plist.xml; path = "Canvas-Info.plist"; sourceTree = "<group>"; };
		B5E709FD186BB61B0047A4B2 /* en */ = {isa = PBXFileReference; lastKnownFileType = text.plist.strings; name = en; path = en.lproj/InfoPlist.strings; sourceTree = "<group>"; };
		B5E709FF186BB61B0047A4B2 /* main.m */ = {isa = PBXFileReference; lastKnownFileType = sourcecode.c.objc; path = main.m; sourceTree = "<group>"; };
		B5E70A01186BB61B0047A4B2 /* Canvas-Prefix.pch */ = {isa = PBXFileReference; lastKnownFileType = sourcecode.c.h; path = "Canvas-Prefix.pch"; sourceTree = "<group>"; };
		B5E70A03186BB61B0047A4B2 /* en */ = {isa = PBXFileReference; lastKnownFileType = text.rtf; name = en; path = en.lproj/Credits.rtf; sourceTree = "<group>"; };
		B5E70A05186BB61B0047A4B2 /* AppDelegate.h */ = {isa = PBXFileReference; lastKnownFileType = sourcecode.c.h; path = AppDelegate.h; sourceTree = "<group>"; };
		B5E70A06186BB61B0047A4B2 /* AppDelegate.m */ = {isa = PBXFileReference; lastKnownFileType = sourcecode.c.objc; path = AppDelegate.m; sourceTree = "<group>"; };
		B5E70A09186BB61B0047A4B2 /* Base */ = {isa = PBXFileReference; lastKnownFileType = file.xib; name = Base; path = Base.lproj/MainMenu.xib; sourceTree = "<group>"; };
		B5E70A0B186BB61C0047A4B2 /* Images.xcassets */ = {isa = PBXFileReference; lastKnownFileType = folder.assetcatalog; path = Images.xcassets; sourceTree = "<group>"; };
		B5E70A12186BB61C0047A4B2 /* XCTest.framework */ = {isa = PBXFileReference; lastKnownFileType = wrapper.framework; name = XCTest.framework; path = Library/Frameworks/XCTest.framework; sourceTree = DEVELOPER_DIR; };
		B5E70A2A186BB7260047A4B2 /* Base */ = {isa = PBXFileReference; lastKnownFileType = file.xib; name = Base; path = Base.lproj/DrawingBoard.xib; sourceTree = "<group>"; };
		B5E70A2C186BB7520047A4B2 /* DrawingBoardController.h */ = {isa = PBXFileReference; fileEncoding = 4; lastKnownFileType = sourcecode.c.h; name = DrawingBoardController.h; path = Controllers/DrawingBoardController.h; sourceTree = "<group>"; };
		B5E70A2D186BB7520047A4B2 /* DrawingBoardController.m */ = {isa = PBXFileReference; fileEncoding = 4; lastKnownFileType = sourcecode.c.objc; name = DrawingBoardController.m; path = Controllers/DrawingBoardController.m; sourceTree = "<group>"; };
		B5E70A30186BC1D80047A4B2 /* Canvas.h */ = {isa = PBXFileReference; fileEncoding = 4; lastKnownFileType = sourcecode.c.h; name = Canvas.h; path = Views/Canvas.h; sourceTree = "<group>"; };
		B5E70A31186BC1D80047A4B2 /* Canvas.m */ = {isa = PBXFileReference; fileEncoding = 4; lastKnownFileType = sourcecode.c.objc; name = Canvas.m; path = Views/Canvas.m; sourceTree = "<group>"; };
		B5E70A34186BC58A0047A4B2 /* ImageDataSource.h */ = {isa = PBXFileReference; fileEncoding = 4; lastKnownFileType = sourcecode.c.h; name = ImageDataSource.h; path = Model/ImageDataSource.h; sourceTree = "<group>"; };
		B5E70A35186BC58A0047A4B2 /* ImageDataSource.m */ = {isa = PBXFileReference; fileEncoding = 4; lastKnownFileType = sourcecode.c.objc; name = ImageDataSource.m; path = Model/ImageDataSource.m; sourceTree = "<group>"; };
		B5E70A38186BC6A70047A4B2 /* ImageTools.h */ = {isa = PBXFileReference; fileEncoding = 4; lastKnownFileType = sourcecode.c.h; name = ImageTools.h; path = Others/ImageTools.h; sourceTree = "<group>"; };
		B5E70A39186BC6A70047A4B2 /* ImageTools.m */ = {isa = PBXFileReference; fileEncoding = 4; lastKnownFileType = sourcecode.c.objc; name = ImageTools.m; path = Others/ImageTools.m; sourceTree = "<group>"; };
		B5E70A3B186D1D500047A4B2 /* BaseDrawingWindowController.h */ = {isa = PBXFileReference; fileEncoding = 4; lastKnownFileType = sourcecode.c.h; name = BaseDrawingWindowController.h; path = Controllers/BaseDrawingWindowController.h; sourceTree = "<group>"; };
		B5E70A3C186D1D500047A4B2 /* BaseDrawingWindowController.m */ = {isa = PBXFileReference; fileEncoding = 4; lastKnownFileType = sourcecode.c.objc; name = BaseDrawingWindowController.m; path = Controllers/BaseDrawingWindowController.m; sourceTree = "<group>"; };
/* End PBXFileReference section */

/* Begin PBXFrameworksBuildPhase section */
		B5E709ED186BB61B0047A4B2 /* Frameworks */ = {
			isa = PBXFrameworksBuildPhase;
			buildActionMask = 2147483647;
			files = (
				B5E709F4186BB61B0047A4B2 /* Cocoa.framework in Frameworks */,
			);
			runOnlyForDeploymentPostprocessing = 0;
		};
/* End PBXFrameworksBuildPhase section */

/* Begin PBXGroup section */
		B5CF7E12186D4F8D00B26686 /* Tools */ = {
			isa = PBXGroup;
			children = (
				B5CF7E13186D4FBF00B26686 /* DrawingTool.h */,
				B5CF7E14186D4FBF00B26686 /* DrawingTool.m */,
				B5CF7E251875355000B26686 /* EllipseTool.h */,
				B5CF7E261875355000B26686 /* EllipseTool.m */,
				B5CF7E311875524D00B26686 /* EraserTool.h */,
				B5CF7E321875524D00B26686 /* EraserTool.m */,
				B5CF7E2E18753DE100B26686 /* HighLighterTool.h */,
				B5CF7E2F18753DE100B26686 /* HighLighterTool.m */,
				B5CF7E28187537E000B26686 /* LineTool.h */,
				B5CF7E29187537E000B26686 /* LineTool.m */,
				B5CF7E16186D673700B26686 /* PenTool.h */,
				B5CF7E17186D673700B26686 /* PenTool.m */,
				B5CF7E19186D6E8400B26686 /* RectangleTool.h */,
				B5CF7E1A186D6E8400B26686 /* RectangleTool.m */,
				B5CF7E34187561A300B26686 /* TextTool.h */,
				B5CF7E35187561A300B26686 /* TextTool.m */,
			);
			name = Tools;
			sourceTree = "<group>";
		};
		B5CF7E1F1875315900B26686 /* Images */ = {
			isa = PBXGroup;
			children = (
				B5CF7E231875325B00B26686 /* bkgImage.png */,
			);
			name = Images;
			sourceTree = "<group>";
		};
		B5E709E7186BB61B0047A4B2 = {
			isa = PBXGroup;
			children = (
				B5E709F9186BB61B0047A4B2 /* Canvas */,
				B5E709F2186BB61B0047A4B2 /* Frameworks */,
				B5E709F1186BB61B0047A4B2 /* Products */,
			);
			sourceTree = "<group>";
		};
		B5E709F1186BB61B0047A4B2 /* Products */ = {
			isa = PBXGroup;
			children = (
				B5E709F0186BB61B0047A4B2 /* Canvas.app */,
			);
			name = Products;
			sourceTree = "<group>";
		};
		B5E709F2186BB61B0047A4B2 /* Frameworks */ = {
			isa = PBXGroup;
			children = (
				B5E709F3186BB61B0047A4B2 /* Cocoa.framework */,
				B5E70A12186BB61C0047A4B2 /* XCTest.framework */,
				B5E709F5186BB61B0047A4B2 /* Other Frameworks */,
			);
			name = Frameworks;
			sourceTree = "<group>";
		};
		B5E709F5186BB61B0047A4B2 /* Other Frameworks */ = {
			isa = PBXGroup;
			children = (
				B5E709F6186BB61B0047A4B2 /* AppKit.framework */,
				B5E709F7186BB61B0047A4B2 /* CoreData.framework */,
				B5E709F8186BB61B0047A4B2 /* Foundation.framework */,
			);
			name = "Other Frameworks";
			sourceTree = "<group>";
		};
		B5E709F9186BB61B0047A4B2 /* Canvas */ = {
			isa = PBXGroup;
			children = (
				B5CF7E1F1875315900B26686 /* Images */,
				B5E70A37186BC6860047A4B2 /* Others */,
				B5E70A33186BC25E0047A4B2 /* Model */,
				B5E70A2F186BC1BF0047A4B2 /* Views */,
				B5E70A28186BB6A60047A4B2 /* Controllers */,
				B5E70A27186BB6970047A4B2 /* xibs */,
				B5E70A0B186BB61C0047A4B2 /* Images.xcassets */,
				B5E709FA186BB61B0047A4B2 /* Supporting Files */,
			);
			path = Canvas;
			sourceTree = "<group>";
		};
		B5E709FA186BB61B0047A4B2 /* Supporting Files */ = {
			isa = PBXGroup;
			children = (
				B5E709FB186BB61B0047A4B2 /* Canvas-Info.plist */,
				B5E709FC186BB61B0047A4B2 /* InfoPlist.strings */,
				B5E709FF186BB61B0047A4B2 /* main.m */,
				B5E70A01186BB61B0047A4B2 /* Canvas-Prefix.pch */,
				B5E70A02186BB61B0047A4B2 /* Credits.rtf */,
			);
			name = "Supporting Files";
			sourceTree = "<group>";
		};
		B5E70A27186BB6970047A4B2 /* xibs */ = {
			isa = PBXGroup;
			children = (
				B5E70A08186BB61B0047A4B2 /* MainMenu.xib */,
				B5E70A29186BB7260047A4B2 /* DrawingBoard.xib */,
			);
			name = xibs;
			sourceTree = "<group>";
		};
		B5E70A28186BB6A60047A4B2 /* Controllers */ = {
			isa = PBXGroup;
			children = (
				B5E70A05186BB61B0047A4B2 /* AppDelegate.h */,
				B5E70A06186BB61B0047A4B2 /* AppDelegate.m */,
				B5E70A3B186D1D500047A4B2 /* BaseDrawingWindowController.h */,
				B5E70A3C186D1D500047A4B2 /* BaseDrawingWindowController.m */,
				B5E70A2C186BB7520047A4B2 /* DrawingBoardController.h */,
				B5E70A2D186BB7520047A4B2 /* DrawingBoardController.m */,
			);
			name = Controllers;
			sourceTree = "<group>";
		};
		B5E70A2F186BC1BF0047A4B2 /* Views */ = {
			isa = PBXGroup;
			children = (
				B5E70A30186BC1D80047A4B2 /* Canvas.h */,
				B5E70A31186BC1D80047A4B2 /* Canvas.m */,
				B5CF7E1C18752B4200B26686 /* ColorWell.h */,
				B5CF7E1D18752B4200B26686 /* ColorWell.m */,
			);
			name = Views;
			sourceTree = "<group>";
		};
		B5E70A33186BC25E0047A4B2 /* Model */ = {
			isa = PBXGroup;
			children = (
				B5CF7E12186D4F8D00B26686 /* Tools */,
				B5E70A34186BC58A0047A4B2 /* ImageDataSource.h */,
				B5E70A35186BC58A0047A4B2 /* ImageDataSource.m */,
			);
			name = Model;
			sourceTree = "<group>";
		};
		B5E70A37186BC6860047A4B2 /* Others */ = {
			isa = PBXGroup;
			children = (
				B5E70A38186BC6A70047A4B2 /* ImageTools.h */,
				B5E70A39186BC6A70047A4B2 /* ImageTools.m */,
			);
			name = Others;
			sourceTree = "<group>";
		};
/* End PBXGroup section */

/* Begin PBXNativeTarget section */
		B5E709EF186BB61B0047A4B2 /* Canvas */ = {
			isa = PBXNativeTarget;
			buildConfigurationList = B5E70A21186BB61C0047A4B2 /* Build configuration list for PBXNativeTarget "Canvas" */;
			buildPhases = (
				B5E709EC186BB61B0047A4B2 /* Sources */,
				B5E709ED186BB61B0047A4B2 /* Frameworks */,
				B5E709EE186BB61B0047A4B2 /* Resources */,
			);
			buildRules = (
			);
			dependencies = (
			);
			name = Canvas;
			productName = Canvas;
			productReference = B5E709F0186BB61B0047A4B2 /* Canvas.app */;
			productType = "com.apple.product-type.application";
		};
/* End PBXNativeTarget section */

/* Begin PBXProject section */
		B5E709E8186BB61B0047A4B2 /* Project object */ = {
			isa = PBXProject;
			attributes = {
				LastUpgradeCheck = 0500;
				ORGANIZATIONNAME = "Paul Li";
			};
			buildConfigurationList = B5E709EB186BB61B0047A4B2 /* Build configuration list for PBXProject "Canvas" */;
			compatibilityVersion = "Xcode 3.2";
			developmentRegion = English;
			hasScannedForEncodings = 0;
			knownRegions = (
				en,
				Base,
			);
			mainGroup = B5E709E7186BB61B0047A4B2;
			productRefGroup = B5E709F1186BB61B0047A4B2 /* Products */;
			projectDirPath = "";
			projectRoot = "";
			targets = (
				B5E709EF186BB61B0047A4B2 /* Canvas */,
			);
		};
/* End PBXProject section */

/* Begin PBXResourcesBuildPhase section */
		B5E709EE186BB61B0047A4B2 /* Resources */ = {
			isa = PBXResourcesBuildPhase;
			buildActionMask = 2147483647;
			files = (
				B5E709FE186BB61B0047A4B2 /* InfoPlist.strings in Resources */,
				B5E70A0C186BB61C0047A4B2 /* Images.xcassets in Resources */,
				B5CF7E241875325B00B26686 /* bkgImage.png in Resources */,
				B5E70A04186BB61B0047A4B2 /* Credits.rtf in Resources */,
				B5E70A0A186BB61B0047A4B2 /* MainMenu.xib in Resources */,
				B5E70A2B186BB7260047A4B2 /* DrawingBoard.xib in Resources */,
			);
			runOnlyForDeploymentPostprocessing = 0;
		};
/* End PBXResourcesBuildPhase section */

/* Begin PBXSourcesBuildPhase section */
		B5E709EC186BB61B0047A4B2 /* Sources */ = {
			isa = PBXSourcesBuildPhase;
			buildActionMask = 2147483647;
			files = (
				B5CF7E331875524D00B26686 /* EraserTool.m in Sources */,
				B5CF7E271875355000B26686 /* EllipseTool.m in Sources */,
				B5CF7E3018753DE100B26686 /* HighLighterTool.m in Sources */,
				B5CF7E1E18752B4200B26686 /* ColorWell.m in Sources */,
				B5E70A07186BB61B0047A4B2 /* AppDelegate.m in Sources */,
				B5E70A36186BC58A0047A4B2 /* ImageDataSource.m in Sources */,
				B5CF7E15186D4FBF00B26686 /* DrawingTool.m in Sources */,
				B5CF7E18186D673700B26686 /* PenTool.m in Sources */,
				B5CF7E36187561A300B26686 /* TextTool.m in Sources */,
				B5E70A2E186BB7520047A4B2 /* DrawingBoardController.m in Sources */,
				B5E70A3A186BC6A70047A4B2 /* ImageTools.m in Sources */,
				B5E70A00186BB61B0047A4B2 /* main.m in Sources */,
				B5E70A3D186D1D500047A4B2 /* BaseDrawingWindowController.m in Sources */,
				B5E70A32186BC1D80047A4B2 /* Canvas.m in Sources */,
				B5CF7E2A187537E000B26686 /* LineTool.m in Sources */,
				B5CF7E1B186D6E8400B26686 /* RectangleTool.m in Sources */,
			);
			runOnlyForDeploymentPostprocessing = 0;
		};
/* End PBXSourcesBuildPhase section */

/* Begin PBXVariantGroup section */
		B5E709FC186BB61B0047A4B2 /* InfoPlist.strings */ = {
			isa = PBXVariantGroup;
			children = (
				B5E709FD186BB61B0047A4B2 /* en */,
			);
			name = InfoPlist.strings;
			sourceTree = "<group>";
		};
		B5E70A02186BB61B0047A4B2 /* Credits.rtf */ = {
			isa = PBXVariantGroup;
			children = (
				B5E70A03186BB61B0047A4B2 /* en */,
			);
			name = Credits.rtf;
			sourceTree = "<group>";
		};
		B5E70A08186BB61B0047A4B2 /* MainMenu.xib */ = {
			isa = PBXVariantGroup;
			children = (
				B5E70A09186BB61B0047A4B2 /* Base */,
			);
			name = MainMenu.xib;
			sourceTree = "<group>";
		};
		B5E70A29186BB7260047A4B2 /* DrawingBoard.xib */ = {
			isa = PBXVariantGroup;
			children = (
				B5E70A2A186BB7260047A4B2 /* Base */,
			);
			name = DrawingBoard.xib;
			sourceTree = "<group>";
		};
/* End PBXVariantGroup section */

/* Begin XCBuildConfiguration section */
		B5E70A1F186BB61C0047A4B2 /* Debug */ = {
			isa = XCBuildConfiguration;
			buildSettings = {
				ALWAYS_SEARCH_USER_PATHS = NO;
				ARCHS = "$(ARCHS_STANDARD_32_BIT)";
				CLANG_CXX_LANGUAGE_STANDARD = "gnu++0x";
				CLANG_CXX_LIBRARY = "libc++";
				CLANG_ENABLE_OBJC_ARC = NO;
				CLANG_WARN_BOOL_CONVERSION = YES;
				CLANG_WARN_CONSTANT_CONVERSION = YES;
				CLANG_WARN_DIRECT_OBJC_ISA_USAGE = YES_ERROR;
				CLANG_WARN_EMPTY_BODY = YES;
				CLANG_WARN_ENUM_CONVERSION = YES;
				CLANG_WARN_INT_CONVERSION = YES;
				CLANG_WARN_OBJC_ROOT_CLASS = YES_ERROR;
				CLANG_WARN__DUPLICATE_METHOD_MATCH = YES;
				COPY_PHASE_STRIP = NO;
				GCC_C_LANGUAGE_STANDARD = gnu99;
				GCC_DYNAMIC_NO_PIC = NO;
				GCC_ENABLE_OBJC_EXCEPTIONS = YES;
				GCC_OPTIMIZATION_LEVEL = 0;
				GCC_PREPROCESSOR_DEFINITIONS = (
					"DEBUG=1",
					"$(inherited)",
				);
				GCC_SYMBOLS_PRIVATE_EXTERN = NO;
				GCC_WARN_64_TO_32_BIT_CONVERSION = YES;
				GCC_WARN_ABOUT_RETURN_TYPE = YES_ERROR;
				GCC_WARN_UNDECLARED_SELECTOR = YES;
				GCC_WARN_UNINITIALIZED_AUTOS = YES;
				GCC_WARN_UNUSED_FUNCTION = YES;
				GCC_WARN_UNUSED_VARIABLE = YES;
				MACOSX_DEPLOYMENT_TARGET = 10.9;
				ONLY_ACTIVE_ARCH = YES;
				SDKROOT = macosx;
			};
			name = Debug;
		};
		B5E70A20186BB61C0047A4B2 /* Release */ = {
			isa = XCBuildConfiguration;
			buildSettings = {
				ALWAYS_SEARCH_USER_PATHS = NO;
				ARCHS = "$(ARCHS_STANDARD_32_BIT)";
				CLANG_CXX_LANGUAGE_STANDARD = "gnu++0x";
				CLANG_CXX_LIBRARY = "libc++";
				CLANG_ENABLE_OBJC_ARC = NO;
				CLANG_WARN_BOOL_CONVERSION = YES;
				CLANG_WARN_CONSTANT_CONVERSION = YES;
				CLANG_WARN_DIRECT_OBJC_ISA_USAGE = YES_ERROR;
				CLANG_WARN_EMPTY_BODY = YES;
				CLANG_WARN_ENUM_CONVERSION = YES;
				CLANG_WARN_INT_CONVERSION = YES;
				CLANG_WARN_OBJC_ROOT_CLASS = YES_ERROR;
				CLANG_WARN__DUPLICATE_METHOD_MATCH = YES;
				COPY_PHASE_STRIP = YES;
				DEBUG_INFORMATION_FORMAT = "dwarf-with-dsym";
				ENABLE_NS_ASSERTIONS = NO;
				GCC_C_LANGUAGE_STANDARD = gnu99;
				GCC_ENABLE_OBJC_EXCEPTIONS = YES;
				GCC_WARN_64_TO_32_BIT_CONVERSION = YES;
				GCC_WARN_ABOUT_RETURN_TYPE = YES_ERROR;
				GCC_WARN_UNDECLARED_SELECTOR = YES;
				GCC_WARN_UNINITIALIZED_AUTOS = YES;
				GCC_WARN_UNUSED_FUNCTION = YES;
				GCC_WARN_UNUSED_VARIABLE = YES;
				MACOSX_DEPLOYMENT_TARGET = 10.9;
				SDKROOT = macosx;
			};
			name = Release;
		};
		B5E70A22186BB61C0047A4B2 /* Debug */ = {
			isa = XCBuildConfiguration;
			buildSettings = {
				ASSETCATALOG_COMPILER_APPICON_NAME = AppIcon;
				COMBINE_HIDPI_IMAGES = YES;
				GCC_PRECOMPILE_PREFIX_HEADER = YES;
				GCC_PREFIX_HEADER = "Canvas/Canvas-Prefix.pch";
				INFOPLIST_FILE = "Canvas/Canvas-Info.plist";
				PRODUCT_NAME = "$(TARGET_NAME)";
				WRAPPER_EXTENSION = app;
			};
			name = Debug;
		};
		B5E70A23186BB61C0047A4B2 /* Release */ = {
			isa = XCBuildConfiguration;
			buildSettings = {
				ASSETCATALOG_COMPILER_APPICON_NAME = AppIcon;
				COMBINE_HIDPI_IMAGES = YES;
				GCC_PRECOMPILE_PREFIX_HEADER = YES;
				GCC_PREFIX_HEADER = "Canvas/Canvas-Prefix.pch";
				INFOPLIST_FILE = "Canvas/Canvas-Info.plist";
				PRODUCT_NAME = "$(TARGET_NAME)";
				WRAPPER_EXTENSION = app;
			};
			name = Release;
		};
/* End XCBuildConfiguration section */

/* Begin XCConfigurationList section */
		B5E709EB186BB61B0047A4B2 /* Build configuration list for PBXProject "Canvas" */ = {
			isa = XCConfigurationList;
			buildConfigurations = (
				B5E70A1F186BB61C0047A4B2 /* Debug */,
				B5E70A20186BB61C0047A4B2 /* Release */,
			);
			defaultConfigurationIsVisible = 0;
			defaultConfigurationName = Release;
		};
		B5E70A21186BB61C0047A4B2 /* Build configuration list for PBXNativeTarget "Canvas" */ = {
			isa = XCConfigurationList;
			buildConfigurations = (
				B5E70A22186BB61C0047A4B2 /* Debug */,
				B5E70A23186BB61C0047A4B2 /* Release */,
			);
			defaultConfigurationIsVisible = 0;
			defaultConfigurationName = Release;
		};
/* End XCConfigurationList section */
	};
	rootObject = B5E709E8186BB61B0047A4B2 /* Project object */;
}
